
Microsoft Visual Studio Solution File, Format Version 12.00
# Visual Studio Version 16
VisualStudioVersion = 16.0.33130.400
MinimumVisualStudioVersion = 10.0.40219.1
Project("{FAE04EC0-301F-11D3-BF4B-00C04F79EFBC}") = "Gamesense Loader", "Gamesense Loader\Gamesense Loader.csproj", "{95837BC8-FE43-4DCC-BFF8-3ECCD271DF07}"
EndProject
Global
	GlobalSection(SolutionConfigurationPlatforms) = preSolution
		Debug|Any CPU = Debug|Any CPU
		Release|Any CPU = Release|Any CPU
	EndGlobalSection
	GlobalSection(ProjectConfigurationPlatforms) = postSolution
		{95837BC8-FE43-4DCC-BFF8-3ECCD271DF07}.Debug|Any CPU.ActiveCfg = Debug|Any CPU
		{95837BC8-FE43-4DCC-BFF8-3ECCD271DF07}.Debug|Any CPU.Build.0 = Debug|Any CPU
		{95837BC8-FE43-4DCC-BFF8-3ECCD271DF07}.Release|Any CPU.ActiveCfg = Release|Any CPU
		{95837BC8-FE43-4DCC-BFF8-3ECCD271DF07}.Release|Any CPU.Build.0 = Release|Any CPU
	EndGlobalSection
	GlobalSection(SolutionProperties) = preSolution
		HideSolutionNode = FALSE
	EndGlobalSection
	GlobalSection(ExtensibilityGlobals) = postSolution
		SolutionGuid = {C3FDAAA6-1EB8-43DC-8D52-1F15EF2370BD}
	EndGlobalSection
EndGlobal
